
Microsoft Visual Studio Solution File, Format Version 12.00
# Visual Studio Version 16
VisualStudioVersion = 16.0.31729.503
MinimumVisualStudioVersion = 10.0.40219.1
Project("{FAE04EC0-301F-11D3-BF4B-00C04F79EFBC}") = "Demo_Encrption_Decryption", "Demo_Encrption_Decryption\Demo_Encrption_Decryption.csproj", "{8267992F-D7B8-45B6-8D09-725D4DF2A563}"
EndProject
Global
	GlobalSection(SolutionConfigurationPlatforms) = preSolution
		Debug|Any CPU = Debug|Any CPU
		Release|Any CPU = Release|Any CPU
	EndGlobalSection
	GlobalSection(ProjectConfigurationPlatforms) = postSolution
		{8267992F-D7B8-45B6-8D09-725D4DF2A563}.Debug|Any CPU.ActiveCfg = Debug|Any CPU
		{8267992F-D7B8-45B6-8D09-725D4DF2A563}.Debug|Any CPU.Build.0 = Debug|Any CPU
		{8267992F-D7B8-45B6-8D09-725D4DF2A563}.Release|Any CPU.ActiveCfg = Release|Any CPU
		{8267992F-D7B8-45B6-8D09-725D4DF2A563}.Release|Any CPU.Build.0 = Release|Any CPU
	EndGlobalSection
	GlobalSection(SolutionProperties) = preSolution
		HideSolutionNode = FALSE
	EndGlobalSection
	GlobalSection(ExtensibilityGlobals) = postSolution
		SolutionGuid = {C91B8004-19C6-4C0F-812C-B534B4671350}
	EndGlobalSection
EndGlobal
